Microsoft Visual Studio Solution File, Format Version 12.00
# Visual Studio Version 16
VisualStudioVersion = 16.0.30804.86
MinimumVisualStudioVersion = 10.0.40219.1
Project("{9A19103F-16F7-4668-BE54-9A1E7A4F7556}") = "AdoptionBackend", "AdoptionBackend.csproj", "{542ECDF8-1D80-4EA5-84E9-B05C258B9F05}"
EndProject
Project("{9A19103F-16F7-4668-BE54-9A1E7A4F7556}") = "Domain", "..\Domain\Domain.csproj", "{F19EFB49-E8B8-448E-AA62-EFE5957BE803}"
EndProject
Project("{9A19103F-16F7-4668-BE54-9A1E7A4F7556}") = "Helper", "..\Helper\Helper.csproj", "{3C1F5411-431A-4609-8D7C-1BA3AE853F1A}"
EndProject
Project("{9A19103F-16F7-4668-BE54-9A1E7A4F7556}") = "Application", "..\Application\Application.csproj", "{5562D172-EC31-48B2-B165-E04CEB94711F}"
EndProject
Project("{9A19103F-16F7-4668-BE54-9A1E7A4F7556}") = "Repositories", "..\Repositories\Repositories.csproj", "{22588F15-EAD9-4AB7-B13C-F10BE0F57DF7}"
EndProject
Global
	GlobalSection(SolutionConfigurationPlatforms) = preSolution
		Debug|Any CPU = Debug|Any CPU
		Release|Any CPU = Release|Any CPU
	EndGlobalSection
	GlobalSection(ProjectConfigurationPlatforms) = postSolution
		{542ECDF8-1D80-4EA5-84E9-B05C258B9F05}.Debug|Any CPU.ActiveCfg = Debug|Any CPU
		{542ECDF8-1D80-4EA5-84E9-B05C258B9F05}.Debug|Any CPU.Build.0 = Debug|Any CPU
		{542ECDF8-1D80-4EA5-84E9-B05C258B9F05}.Release|Any CPU.ActiveCfg = Release|Any CPU
		{542ECDF8-1D80-4EA5-84E9-B05C258B9F05}.Release|Any CPU.Build.0 = Release|Any CPU
		{F19EFB49-E8B8-448E-AA62-EFE5957BE803}.Debug|Any CPU.ActiveCfg = Debug|Any CPU
		{F19EFB49-E8B8-448E-AA62-EFE5957BE803}.Debug|Any CPU.Build.0 = Debug|Any CPU
		{F19EFB49-E8B8-448E-AA62-EFE5957BE803}.Release|Any CPU.ActiveCfg = Release|Any CPU
		{F19EFB49-E8B8-448E-AA62-EFE5957BE803}.Release|Any CPU.Build.0 = Release|Any CPU
		{3C1F5411-431A-4609-8D7C-1BA3AE853F1A}.Debug|Any CPU.ActiveCfg = Debug|Any CPU
		{3C1F5411-431A-4609-8D7C-1BA3AE853F1A}.Debug|Any CPU.Build.0 = Debug|Any CPU
		{3C1F5411-431A-4609-8D7C-1BA3AE853F1A}.Release|Any CPU.ActiveCfg = Release|Any CPU
		{3C1F5411-431A-4609-8D7C-1BA3AE853F1A}.Release|Any CPU.Build.0 = Release|Any CPU
		{5562D172-EC31-48B2-B165-E04CEB94711F}.Debug|Any CPU.ActiveCfg = Debug|Any CPU
		{5562D172-EC31-48B2-B165-E04CEB94711F}.Debug|Any CPU.Build.0 = Debug|Any CPU
		{5562D172-EC31-48B2-B165-E04CEB94711F}.Release|Any CPU.ActiveCfg = Release|Any CPU
		{5562D172-EC31-48B2-B165-E04CEB94711F}.Release|Any CPU.Build.0 = Release|Any CPU
		{22588F15-EAD9-4AB7-B13C-F10BE0F57DF7}.Debug|Any CPU.ActiveCfg = Debug|Any CPU
		{22588F15-EAD9-4AB7-B13C-F10BE0F57DF7}.Debug|Any CPU.Build.0 = Debug|Any CPU
		{22588F15-EAD9-4AB7-B13C-F10BE0F57DF7}.Release|Any CPU.ActiveCfg = Release|Any CPU
		{22588F15-EAD9-4AB7-B13C-F10BE0F57DF7}.Release|Any CPU.Build.0 = Release|Any CPU
	EndGlobalSection
	GlobalSection(SolutionProperties) = preSolution
		HideSolutionNode = FALSE
	EndGlobalSection
	GlobalSection(ExtensibilityGlobals) = postSolution
		SolutionGuid = {4ECF46F0-E539-428E-BAC6-EAA0D89F9599}
	EndGlobalSection
EndGlobal
